
Microsoft Visual Studio Solution File, Format Version 12.00
# Visual Studio 2012
Project("{FAE04EC0-301F-11D3-BF4B-00C04F79EFBC}") = "GC_Timer 3", "GC_FormTimer\GC_Timer 3.csproj", "{2096725F-5B9C-47E9-BC61-54583D5B05BF}"
EndProject
Global
	GlobalSection(SolutionConfigurationPlatforms) = preSolution
		Debug|Any CPU = Debug|Any CPU
		Release|Any CPU = Release|Any CPU
	EndGlobalSection
	GlobalSection(ProjectConfigurationPlatforms) = postSolution
		{2096725F-5B9C-47E9-BC61-54583D5B05BF}.Debug|Any CPU.ActiveCfg = Debug|Any CPU
		{2096725F-5B9C-47E9-BC61-54583D5B05BF}.Debug|Any CPU.Build.0 = Debug|Any CPU
		{2096725F-5B9C-47E9-BC61-54583D5B05BF}.Release|Any CPU.ActiveCfg = Release|Any CPU
		{2096725F-5B9C-47E9-BC61-54583D5B05BF}.Release|Any CPU.Build.0 = Release|Any CPU
	EndGlobalSection
	GlobalSection(SolutionProperties) = preSolution
		HideSolutionNode = FALSE
	EndGlobalSection
EndGlobal
